// !$*UTF8*$!
{
	archiveVersion = 1;
	classes = {
	};
	objectVersion = 50;
	objects = {

/* Begin PBXBuildFile section */
		DF714C6621E4E663006681E1 /* AppDelegate.swift in Sources */ = {isa = PBXBuildFile; fileRef = DF714C6521E4E663006681E1 /* AppDelegate.swift */; };
		DF714C6821E4E663006681E1 /* ViewController.swift in Sources */ = {isa = PBXBuildFile; fileRef = DF714C6721E4E663006681E1 /* ViewController.swift */; };
		DF714C6B21E4E663006681E1 /* Main.storyboard in Resources */ = {isa = PBXBuildFile; fileRef = DF714C6921E4E663006681E1 /* Main.storyboard */; };
		DF714C6D21E4E664006681E1 /* Assets.xcassets in Resources */ = {isa = PBXBuildFile; fileRef = DF714C6C21E4E664006681E1 /* Assets.xcassets */; };
		DF714C7021E4E664006681E1 /* LaunchScreen.storyboard in Resources */ = {isa = PBXBuildFile; fileRef = DF714C6E21E4E664006681E1 /* LaunchScreen.storyboard */; };
		DF714C8021E8CDA8006681E1 /* GLESUtils.m in Sources */ = {isa = PBXBuildFile; fileRef = DF714C7A21E8CDA8006681E1 /* GLESUtils.m */; };
		DF714C8121E8CDA8006681E1 /* GLESMath.c in Sources */ = {isa = PBXBuildFile; fileRef = DF714C7C21E8CDA8006681E1 /* GLESMath.c */; };
		DF714C8B21E9B350006681E1 /* HLView.swift in Sources */ = {isa = PBXBuildFile; fileRef = DF714C8A21E9B350006681E1 /* HLView.swift */; };
		DF714C8E21E9D1C5006681E1 /* shaderv.glsl in Resources */ = {isa = PBXBuildFile; fileRef = DF714C8C21E9D1C5006681E1 /* shaderv.glsl */; };
		DF714C8F21E9D1C5006681E1 /* shaderf.glsl in Resources */ = {isa = PBXBuildFile; fileRef = DF714C8D21E9D1C5006681E1 /* shaderf.glsl */; };
/* End PBXBuildFile section */

/* Begin PBXFileReference section */
		DF714C6221E4E663006681E1 /* OpenGLES003.app */ = {isa = PBXFileReference; explicitFileType = wrapper.application; includeInIndex = 0; path = OpenGLES003.app; sourceTree = BUILT_PRODUCTS_DIR; };
		DF714C6521E4E663006681E1 /* AppDelegate.swift */ = {isa = PBXFileReference; lastKnownFileType = sourcecode.swift; path = AppDelegate.swift; sourceTree = "<group>"; };
		DF714C6721E4E663006681E1 /* ViewController.swift */ = {isa = PBXFileReference; lastKnownFileType = sourcecode.swift; path = ViewController.swift; sourceTree = "<group>"; };
		DF714C6A21E4E663006681E1 /* Base */ = {isa = PBXFileReference; lastKnownFileType = file.storyboard; name = Base; path = Base.lproj/Main.storyboard; sourceTree = "<group>"; };
		DF714C6C21E4E664006681E1 /* Assets.xcassets */ = {isa = PBXFileReference; lastKnownFileType = folder.assetcatalog; path = Assets.xcassets; sourceTree = "<group>"; };
		DF714C6F21E4E664006681E1 /* Base */ = {isa = PBXFileReference; lastKnownFileType = file.storyboard; name = Base; path = Base.lproj/LaunchScreen.storyboard; sourceTree = "<group>"; };
		DF714C7121E4E664006681E1 /* Info.plist */ = {isa = PBXFileReference; lastKnownFileType = text.plist.xml; path = Info.plist; sourceTree = "<group>"; };
		DF714C7A21E8CDA8006681E1 /* GLESUtils.m */ = {isa = PBXFileReference; fileEncoding = 4; lastKnownFileType = sourcecode.c.objc; path = GLESUtils.m; sourceTree = "<group>"; };
		DF714C7B21E8CDA8006681E1 /* Quaternion.h */ = {isa = PBXFileReference; fileEncoding = 4; lastKnownFileType = sourcecode.c.h; path = Quaternion.h; sourceTree = "<group>"; };
		DF714C7C21E8CDA8006681E1 /* GLESMath.c */ = {isa = PBXFileReference; fileEncoding = 4; lastKnownFileType = sourcecode.c.c; path = GLESMath.c; sourceTree = "<group>"; };
		DF714C7D21E8CDA8006681E1 /* GLESUtils.h */ = {isa = PBXFileReference; fileEncoding = 4; lastKnownFileType = sourcecode.c.h; path = GLESUtils.h; sourceTree = "<group>"; };
		DF714C7E21E8CDA8006681E1 /* Vector.h */ = {isa = PBXFileReference; fileEncoding = 4; lastKnownFileType = sourcecode.c.h; path = Vector.h; sourceTree = "<group>"; };
		DF714C7F21E8CDA8006681E1 /* GLESMath.h */ = {isa = PBXFileReference; fileEncoding = 4; lastKnownFileType = sourcecode.c.h; path = GLESMath.h; sourceTree = "<group>"; };
		DF714C8921E8CE3D006681E1 /* bridging.h */ = {isa = PBXFileReference; lastKnownFileType = sourcecode.c.h; path = bridging.h; sourceTree = "<group>"; };
		DF714C8A21E9B350006681E1 /* HLView.swift */ = {isa = PBXFileReference; lastKnownFileType = sourcecode.swift; path = HLView.swift; sourceTree = "<group>"; };
		DF714C8C21E9D1C5006681E1 /* shaderv.glsl */ = {isa = PBXFileReference; fileEncoding = 4; lastKnownFileType = text; path = shaderv.glsl; sourceTree = "<group>"; };
		DF714C8D21E9D1C5006681E1 /* shaderf.glsl */ = {isa = PBXFileReference; fileEncoding = 4; lastKnownFileType = text; path = shaderf.glsl; sourceTree = "<group>"; };
/* End PBXFileReference section */

/* Begin PBXFrameworksBuildPhase section */
		DF714C5F21E4E663006681E1 /* Frameworks */ = {
			isa = PBXFrameworksBuildPhase;
			buildActionMask = 2147483647;
			files = (
			);
			runOnlyForDeploymentPostprocessing = 0;
		};
/* End PBXFrameworksBuildPhase section */

/* Begin PBXGroup section */
		DF714C5921E4E663006681E1 = {
			isa = PBXGroup;
			children = (
				DF714C6421E4E663006681E1 /* OpenGLES003 */,
				DF714C6321E4E663006681E1 /* Products */,
			);
			sourceTree = "<group>";
		};
		DF714C6321E4E663006681E1 /* Products */ = {
			isa = PBXGroup;
			children = (
				DF714C6221E4E663006681E1 /* OpenGLES003.app */,
			);
			name = Products;
			sourceTree = "<group>";
		};
		DF714C6421E4E663006681E1 /* OpenGLES003 */ = {
			isa = PBXGroup;
			children = (
				DF714C7921E8CDA8006681E1 /* Utils */,
				DF714C6521E4E663006681E1 /* AppDelegate.swift */,
				DF714C6721E4E663006681E1 /* ViewController.swift */,
				DF714C6921E4E663006681E1 /* Main.storyboard */,
				DF714C6C21E4E664006681E1 /* Assets.xcassets */,
				DF714C6E21E4E664006681E1 /* LaunchScreen.storyboard */,
				DF714C7121E4E664006681E1 /* Info.plist */,
				DF714C8921E8CE3D006681E1 /* bridging.h */,
				DF714C8A21E9B350006681E1 /* HLView.swift */,
				DF714C8D21E9D1C5006681E1 /* shaderf.glsl */,
				DF714C8C21E9D1C5006681E1 /* shaderv.glsl */,
			);
			path = OpenGLES003;
			sourceTree = "<group>";
		};
		DF714C7921E8CDA8006681E1 /* Utils */ = {
			isa = PBXGroup;
			children = (
				DF714C7A21E8CDA8006681E1 /* GLESUtils.m */,
				DF714C7B21E8CDA8006681E1 /* Quaternion.h */,
				DF714C7C21E8CDA8006681E1 /* GLESMath.c */,
				DF714C7D21E8CDA8006681E1 /* GLESUtils.h */,
				DF714C7E21E8CDA8006681E1 /* Vector.h */,
				DF714C7F21E8CDA8006681E1 /* GLESMath.h */,
			);
			path = Utils;
			sourceTree = "<group>";
		};
/* End PBXGroup section */

/* Begin PBXNativeTarget section */
		DF714C6121E4E663006681E1 /* OpenGLES003 */ = {
			isa = PBXNativeTarget;
			buildConfigurationList = DF714C7421E4E664006681E1 /* Build configuration list for PBXNativeTarget "OpenGLES003" */;
			buildPhases = (
				DF714C5E21E4E663006681E1 /* Sources */,
				DF714C5F21E4E663006681E1 /* Frameworks */,
				DF714C6021E4E663006681E1 /* Resources */,
			);
			buildRules = (
			);
			dependencies = (
			);
			name = OpenGLES003;
			productName = OpenGLES003;
			productReference = DF714C6221E4E663006681E1 /* OpenGLES003.app */;
			productType = "com.apple.product-type.application";
		};
/* End PBXNativeTarget section */

/* Begin PBXProject section */
		DF714C5A21E4E663006681E1 /* Project object */ = {
			isa = PBXProject;
			attributes = {
				LastSwiftUpdateCheck = 1010;
				LastUpgradeCheck = 1010;
				ORGANIZATIONNAME = yuhongli;
				TargetAttributes = {
					DF714C6121E4E663006681E1 = {
						CreatedOnToolsVersion = 10.1;
					};
				};
			};
			buildConfigurationList = DF714C5D21E4E663006681E1 /* Build configuration list for PBXProject "OpenGLES003" */;
			compatibilityVersion = "Xcode 9.3";
			developmentRegion = en;
			hasScannedForEncodings = 0;
			knownRegions = (
				en,
				Base,
			);
			mainGroup = DF714C5921E4E663006681E1;
			productRefGroup = DF714C6321E4E663006681E1 /* Products */;
			projectDirPath = "";
			projectRoot = "";
			targets = (
				DF714C6121E4E663006681E1 /* OpenGLES003 */,
			);
		};
/* End PBXProject section */

/* Begin PBXResourcesBuildPhase section */
		DF714C6021E4E663006681E1 /* Resources */ = {
			isa = PBXResourcesBuildPhase;
			buildActionMask = 2147483647;
			files = (
				DF714C7021E4E664006681E1 /* LaunchScreen.storyboard in Resources */,
				DF714C8E21E9D1C5006681E1 /* shaderv.glsl in Resources */,
				DF714C6D21E4E664006681E1 /* Assets.xcassets in Resources */,
				DF714C6B21E4E663006681E1 /* Main.storyboard in Resources */,
				DF714C8F21E9D1C5006681E1 /* shaderf.glsl in Resources */,
			);
			runOnlyForDeploymentPostprocessing = 0;
		};
/* End PBXResourcesBuildPhase section */

/* Begin PBXSourcesBuildPhase section */
		DF714C5E21E4E663006681E1 /* Sources */ = {
			isa = PBXSourcesBuildPhase;
			buildActionMask = 2147483647;
			files = (
				DF714C8121E8CDA8006681E1 /* GLESMath.c in Sources */,
				DF714C6821E4E663006681E1 /* ViewController.swift in Sources */,
				DF714C8B21E9B350006681E1 /* HLView.swift in Sources */,
				DF714C8021E8CDA8006681E1 /* GLESUtils.m in Sources */,
				DF714C6621E4E663006681E1 /* AppDelegate.swift in Sources */,
			);
			runOnlyForDeploymentPostprocessing = 0;
		};
/* End PBXSourcesBuildPhase section */

/* Begin PBXVariantGroup section */
		DF714C6921E4E663006681E1 /* Main.storyboard */ = {
			isa = PBXVariantGroup;
			children = (
				DF714C6A21E4E663006681E1 /* Base */,
			);
			name = Main.storyboard;
			sourceTree = "<group>";
		};
		DF714C6E21E4E664006681E1 /* LaunchScreen.storyboard */ = {
			isa = PBXVariantGroup;
			children = (
				DF714C6F21E4E664006681E1 /* Base */,
			);
			name = LaunchScreen.storyboard;
			sourceTree = "<group>";
		};
/* End PBXVariantGroup section */

/* Begin XCBuildConfiguration section */
		DF714C7221E4E664006681E1 /* Debug */ = {
			isa = XCBuildConfiguration;
			buildSettings = {
				ALWAYS_SEARCH_USER_PATHS = NO;
				CLANG_ANALYZER_NONNULL = YES;
				CLANG_ANALYZER_NUMBER_OBJECT_CONVERSION = YES_AGGRESSIVE;
				CLANG_CXX_LANGUAGE_STANDARD = "gnu++14";
				CLANG_CXX_LIBRARY = "libc++";
				CLANG_ENABLE_MODULES = YES;
				CLANG_ENABLE_OBJC_ARC = YES;
				CLANG_ENABLE_OBJC_WEAK = YES;
				CLANG_WARN_BLOCK_CAPTURE_AUTORELEASING = YES;
				CLANG_WARN_BOOL_CONVERSION = YES;
				CLANG_WARN_COMMA = YES;
				CLANG_WARN_CONSTANT_CONVERSION = YES;
				CLANG_WARN_DEPRECATED_OBJC_IMPLEMENTATIONS = YES;
				CLANG_WARN_DIRECT_OBJC_ISA_USAGE = YES_ERROR;
				CLANG_WARN_DOCUMENTATION_COMMENTS = YES;
				CLANG_WARN_EMPTY_BODY = YES;
				CLANG_WARN_ENUM_CONVERSION = YES;
				CLANG_WARN_INFINITE_RECURSION = YES;
				CLANG_WARN_INT_CONVERSION = YES;
				CLANG_WARN_NON_LITERAL_NULL_CONVERSION = YES;
				CLANG_WARN_OBJC_IMPLICIT_RETAIN_SELF = YES;
				CLANG_WARN_OBJC_LITERAL_CONVERSION = YES;
				CLANG_WARN_OBJC_ROOT_CLASS = YES_ERROR;
				CLANG_WARN_RANGE_LOOP_ANALYSIS = YES;
				CLANG_WARN_STRICT_PROTOTYPES = YES;
				CLANG_WARN_SUSPICIOUS_MOVE = YES;
				CLANG_WARN_UNGUARDED_AVAILABILITY = YES_AGGRESSIVE;
				CLANG_WARN_UNREACHABLE_CODE = YES;
				CLANG_WARN__DUPLICATE_METHOD_MATCH = YES;
				CODE_SIGN_IDENTITY = "iPhone Developer";
				COPY_PHASE_STRIP = NO;
				DEBUG_INFORMATION_FORMAT = dwarf;
				ENABLE_STRICT_OBJC_MSGSEND = YES;
				ENABLE_TESTABILITY = YES;
				GCC_C_LANGUAGE_STANDARD = gnu11;
				GCC_DYNAMIC_NO_PIC = NO;
				GCC_NO_COMMON_BLOCKS = YES;
				GCC_OPTIMIZATION_LEVEL = 0;
				GCC_PREPROCESSOR_DEFINITIONS = (
					"DEBUG=1",
					"$(inherited)",
				);
				GCC_WARN_64_TO_32_BIT_CONVERSION = YES;
				GCC_WARN_ABOUT_RETURN_TYPE = YES_ERROR;
				GCC_WARN_UNDECLARED_SELECTOR = YES;
				GCC_WARN_UNINITIALIZED_AUTOS = YES_AGGRESSIVE;
				GCC_WARN_UNUSED_FUNCTION = YES;
				GCC_WARN_UNUSED_VARIABLE = YES;
				IPHONEOS_DEPLOYMENT_TARGET = 12.1;
				MTL_ENABLE_DEBUG_INFO = INCLUDE_SOURCE;
				MTL_FAST_MATH = YES;
				ONLY_ACTIVE_ARCH = YES;
				SDKROOT = iphoneos;
				SWIFT_ACTIVE_COMPILATION_CONDITIONS = DEBUG;
				SWIFT_OPTIMIZATION_LEVEL = "-Onone";
			};
			name = Debug;
		};
		DF714C7321E4E664006681E1 /* Release */ = {
			isa = XCBuildConfiguration;
			buildSettings = {
				ALWAYS_SEARCH_USER_PATHS = NO;
				CLANG_ANALYZER_NONNULL = YES;
				CLANG_ANALYZER_NUMBER_OBJECT_CONVERSION = YES_AGGRESSIVE;
				CLANG_CXX_LANGUAGE_STANDARD = "gnu++14";
				CLANG_CXX_LIBRARY = "libc++";
				CLANG_ENABLE_MODULES = YES;
				CLANG_ENABLE_OBJC_ARC = YES;
				CLANG_ENABLE_OBJC_WEAK = YES;
				CLANG_WARN_BLOCK_CAPTURE_AUTORELEASING = YES;
				CLANG_WARN_BOOL_CONVERSION = YES;
				CLANG_WARN_COMMA = YES;
				CLANG_WARN_CONSTANT_CONVERSION = YES;
				CLANG_WARN_DEPRECATED_OBJC_IMPLEMENTATIONS = YES;
				CLANG_WARN_DIRECT_OBJC_ISA_USAGE = YES_ERROR;
				CLANG_WARN_DOCUMENTATION_COMMENTS = YES;
				CLANG_WARN_EMPTY_BODY = YES;
				CLANG_WARN_ENUM_CONVERSION = YES;
				CLANG_WARN_INFINITE_RECURSION = YES;
				CLANG_WARN_INT_CONVERSION = YES;
				CLANG_WARN_NON_LITERAL_NULL_CONVERSION = YES;
				CLANG_WARN_OBJC_IMPLICIT_RETAIN_SELF = YES;
				CLANG_WARN_OBJC_LITERAL_CONVERSION = YES;
				CLANG_WARN_OBJC_ROOT_CLASS = YES_ERROR;
				CLANG_WARN_RANGE_LOOP_ANALYSIS = YES;
				CLANG_WARN_STRICT_PROTOTYPES = YES;
				CLANG_WARN_SUSPICIOUS_MOVE = YES;
				CLANG_WARN_UNGUARDED_AVAILABILITY = YES_AGGRESSIVE;
				CLANG_WARN_UNREACHABLE_CODE = YES;
				CLANG_WARN__DUPLICATE_METHOD_MATCH = YES;
				CODE_SIGN_IDENTITY = "iPhone Developer";
				COPY_PHASE_STRIP = NO;
				DEBUG_INFORMATION_FORMAT = "dwarf-with-dsym";
				ENABLE_NS_ASSERTIONS = NO;
				ENABLE_STRICT_OBJC_MSGSEND = YES;
				GCC_C_LANGUAGE_STANDARD = gnu11;
				GCC_NO_COMMON_BLOCKS = YES;
				GCC_WARN_64_TO_32_BIT_CONVERSION = YES;
				GCC_WARN_ABOUT_RETURN_TYPE = YES_ERROR;
				GCC_WARN_UNDECLARED_SELECTOR = YES;
				GCC_WARN_UNINITIALIZED_AUTOS = YES_AGGRESSIVE;
				GCC_WARN_UNUSED_FUNCTION = YES;
				GCC_WARN_UNUSED_VARIABLE = YES;
				IPHONEOS_DEPLOYMENT_TARGET = 12.1;
				MTL_ENABLE_DEBUG_INFO = NO;
				MTL_FAST_MATH = YES;
				SDKROOT = iphoneos;
				SWIFT_COMPILATION_MODE = wholemodule;
				SWIFT_OPTIMIZATION_LEVEL = "-O";
				VALIDATE_PRODUCT = YES;
			};
			name = Release;
		};
		DF714C7521E4E664006681E1 /* Debug */ = {
			isa = XCBuildConfiguration;
			buildSettings = {
				ASSETCATALOG_COMPILER_APPICON_NAME = AppIcon;
				CODE_SIGN_STYLE = Automatic;
				INFOPLIST_FILE = OpenGLES003/Info.plist;
				IPHONEOS_DEPLOYMENT_TARGET = 11.0;
				LD_RUNPATH_SEARCH_PATHS = (
					"$(inherited)",
					"@executable_path/Frameworks",
				);
				PRODUCT_BUNDLE_IDENTIFIER = yhl.OpenGLES003;
				PRODUCT_NAME = "$(TARGET_NAME)";
				SWIFT_OBJC_BRIDGING_HEADER = "$(SRCROOT)/OpenGLES003/bridging.h";
				SWIFT_VERSION = 4.2;
				TARGETED_DEVICE_FAMILY = "1,2";
			};
			name = Debug;
		};
		DF714C7621E4E664006681E1 /* Release */ = {
			isa = XCBuildConfiguration;
			buildSettings = {
				ASSETCATALOG_COMPILER_APPICON_NAME = AppIcon;
				CODE_SIGN_STYLE = Automatic;
				INFOPLIST_FILE = OpenGLES003/Info.plist;
				IPHONEOS_DEPLOYMENT_TARGET = 11.0;
				LD_RUNPATH_SEARCH_PATHS = (
					"$(inherited)",
					"@executable_path/Frameworks",
				);
				PRODUCT_BUNDLE_IDENTIFIER = yhl.OpenGLES003;
				PRODUCT_NAME = "$(TARGET_NAME)";
				SWIFT_OBJC_BRIDGING_HEADER = "$(SRCROOT)/OpenGLES003/bridging.h";
				SWIFT_VERSION = 4.2;
				TARGETED_DEVICE_FAMILY = "1,2";
			};
			name = Release;
		};
/* End XCBuildConfiguration section */

/* Begin XCConfigurationList section */
		DF714C5D21E4E663006681E1 /* Build configuration list for PBXProject "OpenGLES003" */ = {
			isa = XCConfigurationList;
			buildConfigurations = (
				DF714C7221E4E664006681E1 /* Debug */,
				DF714C7321E4E664006681E1 /* Release */,
			);
			defaultConfigurationIsVisible = 0;
			defaultConfigurationName = Release;
		};
		DF714C7421E4E664006681E1 /* Build configuration list for PBXNativeTarget "OpenGLES003" */ = {
			isa = XCConfigurationList;
			buildConfigurations = (
				DF714C7521E4E664006681E1 /* Debug */,
				DF714C7621E4E664006681E1 /* Release */,
			);
			defaultConfigurationIsVisible = 0;
			defaultConfigurationName = Release;
		};
/* End XCConfigurationList section */
	};
	rootObject = DF714C5A21E4E663006681E1 /* Project object */;
}
